PODS:
  - Alamofire (4.5.1)
  - AlamofireObjectMapper (5.0.0):
    - Alamofire (~> 4.1)
    - ObjectMapper (~> 3.0)
  - Analytics (3.6.7)
  - BadgeSwift (5.0.1)
  - Bolts (1.8.4):
    - Bolts/AppLinks (= 1.8.4)
    - Bolts/Tasks (= 1.8.4)
  - Bolts/AppLinks (1.8.4):
    - Bolts/Tasks
  - Bolts/Tasks (1.8.4)
  - ELFixSecureTextFieldFont (0.1.0)
  - FacebookCore (0.3.0):
    - Bolts (~> 1.8)
    - FBSDKCoreKit (~> 4.27)
  - FacebookLogin (0.3.0):
    - Bolts (~> 1.8)
    - FacebookCore (~> 0.3)
    - FBSDKCoreKit (~> 4.27)
    - FBSDKLoginKit (~> 4.27)
  - FBSDKCoreKit (4.27.1):
    - Bolts (~> 1.7)
  - FBSDKLoginKit (4.27.1):
    - FBSDKCoreKit
  - Firebase/Core (4.4.0):
    - FirebaseAnalytics (= 4.0.4)
    - FirebaseCore (= 4.0.9)
  - Firebase/Crash (4.4.0):
    - Firebase/Core
    - FirebaseCrash (= 2.0.2)
  - FirebaseAnalytics (4.0.4):
    - FirebaseCore (~> 4.0)
    - FirebaseInstanceID (~> 2.0)
    - GoogleToolboxForMac/NSData+zlib (~> 2.1)
    - nanopb (~> 0.3)
  - FirebaseCore (4.0.9):
    - GoogleToolboxForMac/NSData+zlib (~> 2.1)
    - nanopb (~> 0.3)
  - FirebaseCrash (2.0.2):
    - FirebaseAnalytics (~> 4.0)
    - FirebaseInstanceID (~> 2.0)
    - GoogleToolboxForMac/Logger (~> 2.1)
    - GoogleToolboxForMac/NSData+zlib (~> 2.1)
    - Protobuf (~> 3.1)
  - FirebaseInstanceID (2.0.5)
  - FontAwesomeKit/Core (2.2.1)
  - FontAwesomeKit/FontAwesome (2.2.1):
    - FontAwesomeKit/Core
  - GoogleToolboxForMac/Defines (2.1.3)
  - GoogleToolboxForMac/Logger (2.1.3):
    - GoogleToolboxForMac/Defines (= 2.1.3)
  - GoogleToolboxForMac/NSData+zlib (2.1.3):
    - GoogleToolboxForMac/Defines (= 2.1.3)
  - ISO8601DateFormatterValueTransformer (0.6.1):
    - RKValueTransformers (~> 1.1.0)
  - jetfire (0.1.5)
  - JSQMessagesViewController (7.3.5):
    - JSQSystemSoundPlayer (~> 2.0.1)
  - JSQSystemSoundPlayer (2.0.1)
  - JWTDecode (2.1.1)
  - KTSwiftExtensions (0.25.0):
    - Alamofire (~> 4.0)
    - AlamofireObjectMapper (~> 5.0)
    - JWTDecode (~> 2.0)
    - MBProgressHUD (~> 1.0)
    - ObjectMapper (~> 3.0)
  - MarqueeLabel/Swift (3.1.3)
  - MBProgressHUD (1.0.0)
  - nanopb (0.3.8):
    - nanopb/decode (= 0.3.8)
    - nanopb/encode (= 0.3.8)
  - nanopb/decode (0.3.8)
  - nanopb/encode (0.3.8)
  - NotificationBannerSwift (1.5.1):
    - MarqueeLabel/Swift
    - SnapKit (~> 4.0)
  - ObjectMapper (3.0.0)
  - OHHTTPStubs (6.0.0):
    - OHHTTPStubs/Default (= 6.0.0)
  - OHHTTPStubs/Core (6.0.0)
  - OHHTTPStubs/Default (6.0.0):
    - OHHTTPStubs/Core
    - OHHTTPStubs/JSON
    - OHHTTPStubs/NSURLSession
    - OHHTTPStubs/OHPathHelpers
  - OHHTTPStubs/JSON (6.0.0):
    - OHHTTPStubs/Core
  - OHHTTPStubs/NSURLSession (6.0.0):
    - OHHTTPStubs/Core
  - OHHTTPStubs/OHPathHelpers (6.0.0)
  - PDTSimpleCalendar (0.9.1)
  - Protobuf (3.4.0)
  - Reachability (3.2)
  - RestKit (0.27.2):
    - RestKit/Core (= 0.27.2)
  - RestKit/Core (0.27.2):
    - RestKit/CoreData
    - RestKit/Network
    - RestKit/ObjectMapping
  - RestKit/CoreData (0.27.2):
    - RestKit/ObjectMapping
  - RestKit/Network (0.27.2):
    - RestKit/ObjectMapping
    - RestKit/Support
    - SOCKit
  - RestKit/ObjectMapping (0.27.2):
    - ISO8601DateFormatterValueTransformer (~> 0.6.1)
    - RestKit/Support
    - RKValueTransformers (~> 1.1.0)
  - RestKit/Support (0.27.2):
    - TransitionKit (~> 2.2)
  - RFGravatarImageView (1.1):
    - SDWebImage (~> 3.7)
  - RKValueTransformers (1.1.3)
  - SDWebImage (3.8.2):
    - SDWebImage/Core (= 3.8.2)
  - SDWebImage/Core (3.8.2)
  - SnapKit (4.0.0)
  - SOCKit (1.1)
  - SwiftLint (0.23.1)
  - SWTableViewCell (0.3.7)
  - TransitionKit (2.2.1)
  - UICKeyChainStore (2.1.1)

DEPENDENCIES:
  - Analytics
  - BadgeSwift
  - ELFixSecureTextFieldFont (from `https://github.com/elegion/ELFixSecureTextFieldFont`)
  - FacebookCore
  - FacebookLogin
  - Firebase/Core
  - Firebase/Crash
  - FontAwesomeKit/FontAwesome
  - jetfire
  - JSQMessagesViewController (~> 7.3.4)
  - KTSwiftExtensions (from `KTSwiftExtensions`)
  - NotificationBannerSwift
  - OHHTTPStubs
  - PDTSimpleCalendar
  - Reachability
  - RestKit
  - RFGravatarImageView
  - SDWebImage
  - SwiftLint
  - SWTableViewCell (from `https://github.com/kthomas/SWTableViewCell`)
  - UICKeyChainStore

EXTERNAL SOURCES:
  ELFixSecureTextFieldFont:
    :git: https://github.com/elegion/ELFixSecureTextFieldFont
  KTSwiftExtensions:
    :path: KTSwiftExtensions
  SWTableViewCell:
    :git: https://github.com/kthomas/SWTableViewCell

CHECKOUT OPTIONS:
  ELFixSecureTextFieldFont:
    :commit: bc0d5afecdfbae523ad3b6f855ea641fb980ef9e
    :git: https://github.com/elegion/ELFixSecureTextFieldFont
  SWTableViewCell:
    :commit: d2aae294e6d2ddc73772a90c9cb13ec1f42812d4
    :git: https://github.com/kthomas/SWTableViewCell

SPEC CHECKSUMS:
  Alamofire: 2d95912bf4c34f164fdfc335872e8c312acaea4a
  AlamofireObjectMapper: 5fafc816351cbbc0d486611aaeba7461c0cbad49
  Analytics: 2c09a50e3478a3a7ced08a22d00c43ba6f7011e6
  BadgeSwift: 3defa56f504bfb46f2300122c4a565ec9e405c1e
  Bolts: 8a7995239dbe724f9cba2248b766d48b7ebdd322
  ELFixSecureTextFieldFont: 983df1daf8d576a9aeac7b50d4f24cede19ec9c4
  FacebookCore: 3ffa190a3f1f96cec0e44d3fc221bc322c595ffa
  FacebookLogin: 0af839ea858faef99550d16596b87b4a8e8906e6
  FBSDKCoreKit: 03365dad5d790249196ffad8be4f6d8a2d98f932
  FBSDKLoginKit: 66ff53b73cffd967ab773e32fac39e90a60e6d46
  Firebase: 3e92884a63e8f76d107c43a67d2ab9071e1eda10
  FirebaseAnalytics: 722b53c7b32bfc7806b06e0093a2f5180d4f2c5a
  FirebaseCore: ebe73f64302705e693b1de9919a76edbdd17a19d
  FirebaseCrash: cded0fc566c03651aea606a101bc156085f333ca
  FirebaseInstanceID: f2b688c66b972f30d7fa9f5f9f91455454a03b47
  FontAwesomeKit: 3614979b3dbb0ec3f7fac1bd760b91f66c31db67
  GoogleToolboxForMac: 2501e2ad72a52eb3dfe7bd9aee7dad11b858bd20
  ISO8601DateFormatterValueTransformer: 52da467d6ec899d6aedda8e48280ac92e8ee97e6
  jetfire: 60c16cd6ae0282928e24203eb93f03b89c1929ce
  JSQMessagesViewController: 6587f56aedbcb150a8ba1d968e1ef58b1bc758b7
  JSQSystemSoundPlayer: c5850e77a4363ffd374cd851154b9af93264ed8d
  JWTDecode: 83e8b381aafe27158d9f692cbdca2b12d61d460c
  KTSwiftExtensions: 74653550d254cf655d1d14051b0b6724f4934490
  MarqueeLabel: baa5753dcbd36dca080e1f5c589a665aa5c906f1
  MBProgressHUD: 4890f671c94e8a0f3cf959aa731e9de2f036d71a
  nanopb: 5601e6bca2dbf1ed831b519092ec110f66982ca3
  NotificationBannerSwift: 666e6c392238561c17a52db4c50e6f00d9942e0d
  ObjectMapper: 92230db59bf8f341a5c3a3cf0b9fbdde3cf0d87f
  OHHTTPStubs: 752f9b11fd810a15162d50f11c06ff94f8e012eb
  PDTSimpleCalendar: d1c03387678422715dc021aa1a85d70f4d1014f2
  Protobuf: 03eef2ee0b674770735cf79d9c4d3659cf6908e8
  Reachability: 33e18b67625424e47b6cde6d202dce689ad7af96
  RestKit: 556c913b0640c5bc5a9cb972361504e3ed628a1d
  RFGravatarImageView: ac2dee5d2b2c01f312eb67fe7d6917d94564c920
  RKValueTransformers: e5ed67e3811229b616fe01bddeeafe3bb337b1b9
  SDWebImage: 098e97e6176540799c27e804c96653ee0833d13c
  SnapKit: a42d492c16e80209130a3379f73596c3454b7694
  SOCKit: c7376ac262bea9115b8f749358f762522a47d392
  SwiftLint: 1b670ce79284c76520f84060e87d645078fd32fa
  SWTableViewCell: 2a94aadc9d47b2b611fa064566bf57948b95b579
  TransitionKit: 9ceccda4cd0cdc0a05ef85eb235e5a3292c3c250
  UICKeyChainStore: 239558492fa260531a0774cfc611ea83a6eaff3a

PODFILE CHECKSUM: 4f78d00b98b8585026f28b063cc95060141afd31

COCOAPODS: 1.3.1
