PODS:
  - AFNetworking (1.3.4)
  - Analytics/Core-iOS (1.8.15):
    - TRVSDictionaryWithCaseInsensitivity (= 0.0.2)
  - Analytics/Segmentio (1.8.15):
    - Analytics/Core-iOS
  - ECSlidingViewController (2.0.3)
  - ELFixSecureTextFieldFont (0.1.0)
  - ISO8601DateFormatterValueTransformer (0.6.0):
    - RKValueTransformers (~> 1.1.0)
  - JSQMessagesViewController (7.1.0):
    - JSQSystemSoundPlayer (~> 2.0.1)
  - JSQSystemSoundPlayer (2.0.1)
  - KIF (3.2.3):
    - KIF/XCTest (= 3.2.3)
  - KIF/XCTest (3.2.3)
  - MKNetworkKit (HEAD based on 0.87):
    - Reachability (~> 3.1.0)
  - OHHTTPStubs (4.0.2)
  - Reachability (3.1.1)
  - RestKit (0.24.1):
    - RestKit/Core (= 0.24.1)
  - RestKit/Core (0.24.1):
    - RestKit/CoreData
    - RestKit/Network
    - RestKit/ObjectMapping
  - RestKit/CoreData (0.24.1):
    - RestKit/ObjectMapping
  - RestKit/Network (0.24.1):
    - AFNetworking (~> 1.3.0)
    - RestKit/ObjectMapping
    - RestKit/Support
    - SOCKit
  - RestKit/ObjectMapping (0.24.1):
    - ISO8601DateFormatterValueTransformer (~> 0.6.0)
    - RestKit/Support
    - RKValueTransformers (~> 1.1.0)
  - RestKit/Support (0.24.1):
    - TransitionKit (~> 2.1.0)
  - RFGravatarImageView (1.1):
    - SDWebImage (~> 3.7)
  - RKValueTransformers (1.1.2)
  - SDWebImage (3.7.2):
    - SDWebImage/Core (= 3.7.2)
  - SDWebImage/Core (3.7.2)
  - SOCKit (1.1)
  - SWTableViewCell (0.3.7)
  - TransitionKit (2.1.1)
  - TRVSDictionaryWithCaseInsensitivity (0.0.2)
  - UICKeyChainStore (2.0.5)

DEPENDENCIES:
  - Analytics/Segmentio (~> 1.8.6)
  - ECSlidingViewController
  - ELFixSecureTextFieldFont (from `https://github.com/elegion/ELFixSecureTextFieldFont.git`)
  - JSQMessagesViewController (~> 7.1.0)
  - KIF (~> 3.2.3)
  - MKNetworkKit (HEAD)
  - OHHTTPStubs (~> 4.0.2)
  - Reachability
  - RestKit (= 0.24.1)
  - RFGravatarImageView
  - SDWebImage (~> 3.7.2)
  - SWTableViewCell (from `https://github.com/kthomas/SWTableViewCell.git`)
  - UICKeyChainStore

EXTERNAL SOURCES:
  ELFixSecureTextFieldFont:
    :git: https://github.com/elegion/ELFixSecureTextFieldFont.git
  SWTableViewCell:
    :git: https://github.com/kthomas/SWTableViewCell.git

CHECKOUT OPTIONS:
  ELFixSecureTextFieldFont:
    :commit: bc0d5afecdfbae523ad3b6f855ea641fb980ef9e
    :git: https://github.com/elegion/ELFixSecureTextFieldFont.git
  SWTableViewCell:
    :commit: d2aae294e6d2ddc73772a90c9cb13ec1f42812d4
    :git: https://github.com/kthomas/SWTableViewCell.git

SPEC CHECKSUMS:
  AFNetworking: cf8e418e16f0c9c7e5c3150d019a3c679d015018
  Analytics: 4e0d4e619bab9d7226f636c8f4f6621b6f3ff003
  ECSlidingViewController: 6485c14f23b4487e9946535421ca8f111f86cc53
  ELFixSecureTextFieldFont: 983df1daf8d576a9aeac7b50d4f24cede19ec9c4
  ISO8601DateFormatterValueTransformer: 3ac3a721381697cab4e792d8049ce2f2e9ad3036
  JSQMessagesViewController: ca11f86fa68ca70835f05e169df9244147c1dc40
  JSQSystemSoundPlayer: c5850e77a4363ffd374cd851154b9af93264ed8d
  KIF: a94bffe9c97e449e44f8fa481c53243d21309e1e
  MKNetworkKit: 60ad3c83b62183e40ba75ce772c9427c25b520de
  OHHTTPStubs: dbd1957d414659783e07b49c961940b7564c23d9
  Reachability: dd9aa4fb6667b9f787690a74f53cb7634ce99893
  RestKit: 1987b5efef289c6b27bd980714d6ca48d3871b78
  RFGravatarImageView: ac2dee5d2b2c01f312eb67fe7d6917d94564c920
  RKValueTransformers: 66ac5e4f077fdbe3496e792d89eeff4c3eb67701
  SDWebImage: 71b7cdc1d1721d6a82ed62889030225f2c249e29
  SOCKit: c7376ac262bea9115b8f749358f762522a47d392
  SWTableViewCell: 2a94aadc9d47b2b611fa064566bf57948b95b579
  TransitionKit: 3a14b6acc7cf2d1dd3e454e24dbad1cfab9a1ef1
  TRVSDictionaryWithCaseInsensitivity: 51d2ccf52c6d645d27b63467a98fa02c556e01b0
  UICKeyChainStore: a389515ca090d4d49780fd563fec961571caa92b

COCOAPODS: 0.37.2
