PODS:
  - Alamofire (4.8.2)
  - AlamofireObjectMapper (5.2.0):
    - Alamofire (~> 4.7)
    - ObjectMapper (~> 3.4)
  - BadgeSwift (5.0.1)
  - CardIO (5.4.1)
  - ELFixSecureTextFieldFont (0.1.0)
  - Firebase/Core (4.7.0):
    - FirebaseAnalytics (= 4.0.5)
    - FirebaseCore (= 4.0.12)
  - Firebase/Crash (4.7.0):
    - Firebase/Core
    - FirebaseCrash (= 2.0.2)
  - FirebaseAnalytics (4.0.5):
    - FirebaseCore (~> 4.0)
    - FirebaseInstanceID (~> 2.0)
    - GoogleToolboxForMac/NSData+zlib (~> 2.1)
    - nanopb (~> 0.3)
  - FirebaseCore (4.0.12):
    - GoogleToolboxForMac/NSData+zlib (~> 2.1)
  - FirebaseCrash (2.0.2):
    - FirebaseAnalytics (~> 4.0)
    - FirebaseInstanceID (~> 2.0)
    - GoogleToolboxForMac/Logger (~> 2.1)
    - GoogleToolboxForMac/NSData+zlib (~> 2.1)
    - Protobuf (~> 3.1)
  - FirebaseInstanceID (2.0.7)
  - FontAwesomeKit/Core (2.2.1)
  - FontAwesomeKit/FontAwesome (2.2.1):
    - FontAwesomeKit/Core
  - GoogleToolboxForMac/Defines (2.1.3)
  - GoogleToolboxForMac/Logger (2.1.3):
    - GoogleToolboxForMac/Defines (= 2.1.3)
  - GoogleToolboxForMac/NSData+zlib (2.1.3):
    - GoogleToolboxForMac/Defines (= 2.1.3)
  - ISO8601DateFormatterValueTransformer (0.6.1):
    - RKValueTransformers (~> 1.1.0)
  - jetfire (0.1.5)
  - JSQMessagesViewController (7.3.5):
    - JSQSystemSoundPlayer (~> 2.0.1)
  - JSQSystemSoundPlayer (2.0.1)
  - JWTDecode (2.3.0)
  - KTSwiftExtensions (0.26.0):
    - Alamofire (~> 4.0)
    - AlamofireObjectMapper (~> 5.0)
    - JWTDecode (~> 2.0)
    - MBProgressHUD (~> 1.0)
    - ObjectMapper (~> 3.0)
  - MarqueeLabel/Swift (3.1.4)
  - MBProgressHUD (1.1.0)
  - nanopb (0.3.8):
    - nanopb/decode (= 0.3.8)
    - nanopb/encode (= 0.3.8)
  - nanopb/decode (0.3.8)
  - nanopb/encode (0.3.8)
  - NotificationBannerSwift (1.5.2):
    - MarqueeLabel/Swift
    - SnapKit (~> 4.0)
  - ObjectMapper (3.4.2)
  - OHHTTPStubs (6.1.0):
    - OHHTTPStubs/Default (= 6.1.0)
  - OHHTTPStubs/Core (6.1.0)
  - OHHTTPStubs/Default (6.1.0):
    - OHHTTPStubs/Core
    - OHHTTPStubs/JSON
    - OHHTTPStubs/NSURLSession
    - OHHTTPStubs/OHPathHelpers
  - OHHTTPStubs/JSON (6.1.0):
    - OHHTTPStubs/Core
  - OHHTTPStubs/NSURLSession (6.1.0):
    - OHHTTPStubs/Core
  - OHHTTPStubs/OHPathHelpers (6.1.0)
  - PDTSimpleCalendar (0.9.1)
  - Protobuf (3.5.0)
  - Reachability (3.2)
  - RestKit (0.27.2):
    - RestKit/Core (= 0.27.2)
  - RestKit/Core (0.27.2):
    - RestKit/CoreData
    - RestKit/Network
    - RestKit/ObjectMapping
  - RestKit/CoreData (0.27.2):
    - RestKit/ObjectMapping
  - RestKit/Network (0.27.2):
    - RestKit/ObjectMapping
    - RestKit/Support
    - SOCKit
  - RestKit/ObjectMapping (0.27.2):
    - ISO8601DateFormatterValueTransformer (~> 0.6.1)
    - RestKit/Support
    - RKValueTransformers (~> 1.1.0)
  - RestKit/Support (0.27.2):
    - TransitionKit (~> 2.2)
  - RFGravatarImageView (1.1):
    - SDWebImage (~> 3.7)
  - RKValueTransformers (1.1.3)
  - SDWebImage (3.8.2):
    - SDWebImage/Core (= 3.8.2)
  - SDWebImage/Core (3.8.2)
  - SnapKit (4.0.0)
  - SOCKit (1.1)
  - SwiftLint (0.24.0)
  - SWTableViewCell (0.3.7)
  - TransitionKit (2.2.1)
  - UICKeyChainStore (2.1.1)

DEPENDENCIES:
  - BadgeSwift
  - CardIO
  - ELFixSecureTextFieldFont (from `https://github.com/elegion/ELFixSecureTextFieldFont`)
  - Firebase/Core
  - Firebase/Crash
  - FontAwesomeKit/FontAwesome
  - jetfire
  - JSQMessagesViewController (~> 7.3.4)
  - KTSwiftExtensions (from `KTSwiftExtensions`)
  - NotificationBannerSwift
  - OHHTTPStubs
  - PDTSimpleCalendar
  - Reachability
  - RestKit
  - RFGravatarImageView
  - SDWebImage
  - SwiftLint
  - SWTableViewCell (from `https://github.com/kthomas/SWTableViewCell`)
  - UICKeyChainStore

EXTERNAL SOURCES:
  ELFixSecureTextFieldFont:
    :git: https://github.com/elegion/ELFixSecureTextFieldFont
  KTSwiftExtensions:
    :path: KTSwiftExtensions
  SWTableViewCell:
    :git: https://github.com/kthomas/SWTableViewCell

CHECKOUT OPTIONS:
  ELFixSecureTextFieldFont:
    :commit: bc0d5afecdfbae523ad3b6f855ea641fb980ef9e
    :git: https://github.com/elegion/ELFixSecureTextFieldFont
  SWTableViewCell:
    :commit: d2aae294e6d2ddc73772a90c9cb13ec1f42812d4
    :git: https://github.com/kthomas/SWTableViewCell

SPEC CHECKSUMS:
  Alamofire: ae5c501addb7afdbb13687d7f2f722c78734c2d3
  AlamofireObjectMapper: 92b6ce2423a9d159e686f6a1d514a009bf903ddc
  BadgeSwift: 3defa56f504bfb46f2300122c4a565ec9e405c1e
  CardIO: 56983b39b62f495fc6dae9ad7cf875143df06443
  ELFixSecureTextFieldFont: 983df1daf8d576a9aeac7b50d4f24cede19ec9c4
  Firebase: dbfb98ccec2dcfcd21ab9cc1b4981a3f3c8c5e26
  FirebaseAnalytics: 5b02a63ead2c3f0259cfc7f15e053e440587ecf8
  FirebaseCore: 6cf108b63997bc08c04a1ffa55a3ac0d71a59ffc
  FirebaseCrash: a7d980468dc8aa2db9792493c3e02722d601f6ab
  FirebaseInstanceID: 148c25c986c8699e67304b114e365713dce467f2
  FontAwesomeKit: 3614979b3dbb0ec3f7fac1bd760b91f66c31db67
  GoogleToolboxForMac: 2501e2ad72a52eb3dfe7bd9aee7dad11b858bd20
  ISO8601DateFormatterValueTransformer: 52da467d6ec899d6aedda8e48280ac92e8ee97e6
  jetfire: 60c16cd6ae0282928e24203eb93f03b89c1929ce
  JSQMessagesViewController: 6587f56aedbcb150a8ba1d968e1ef58b1bc758b7
  JSQSystemSoundPlayer: c5850e77a4363ffd374cd851154b9af93264ed8d
  JWTDecode: fb77675c8049c1a7e9433c7cf448c3ce33ee4ac7
  KTSwiftExtensions: 1ea0c09484f611e6af2de65d4ec90571bea7df40
  MarqueeLabel: bf768455fe88d427f71476ebb23f9092b660f40b
  MBProgressHUD: e7baa36a220447d8aeb12769bf0585582f3866d9
  nanopb: 5601e6bca2dbf1ed831b519092ec110f66982ca3
  NotificationBannerSwift: 9ae620a32aca7d3bb12a691b0a609489b0067542
  ObjectMapper: 0d4402610f4e468903ae64629eec4784531e5c51
  OHHTTPStubs: 1e21c7d2c084b8153fc53d48400d8919d2d432d0
  PDTSimpleCalendar: d1c03387678422715dc021aa1a85d70f4d1014f2
  Protobuf: 8a9838fba8dae3389230e1b7f8c104aa32389c03
  Reachability: 33e18b67625424e47b6cde6d202dce689ad7af96
  RestKit: 556c913b0640c5bc5a9cb972361504e3ed628a1d
  RFGravatarImageView: ac2dee5d2b2c01f312eb67fe7d6917d94564c920
  RKValueTransformers: e5ed67e3811229b616fe01bddeeafe3bb337b1b9
  SDWebImage: 098e97e6176540799c27e804c96653ee0833d13c
  SnapKit: a42d492c16e80209130a3379f73596c3454b7694
  SOCKit: c7376ac262bea9115b8f749358f762522a47d392
  SwiftLint: a014c92b4664e8b13f380f8640a51bb1733778ba
  SWTableViewCell: 2a94aadc9d47b2b611fa064566bf57948b95b579
  TransitionKit: 9ceccda4cd0cdc0a05ef85eb235e5a3292c3c250
  UICKeyChainStore: 239558492fa260531a0774cfc611ea83a6eaff3a

PODFILE CHECKSUM: 5693c32c1308544f52364d6cdbab26a2f5f6a501

COCOAPODS: 1.3.1
